// !$*UTF8*$!
{
	archiveVersion = 1;
	classes = {
	};
	objectVersion = 56;
	objects = {

/* Begin PBXBuildFile section */
		1810278629CF03E700C345EC /* ScrumdingerApp.swift in Sources */ = {isa = PBXBuildFile; fileRef = 1810278529CF03E700C345EC /* ScrumdingerApp.swift */; };
		1810278829CF03E700C345EC /* MeetingView.swift in Sources */ = {isa = PBXBuildFile; fileRef = 1810278729CF03E700C345EC /* MeetingView.swift */; };
		1810278A29CF03E900C345EC /* Assets.xcassets in Resources */ = {isa = PBXBuildFile; fileRef = 1810278929CF03E900C345EC /* Assets.xcassets */; };
		1810278D29CF03E900C345EC /* Preview Assets.xcassets in Resources */ = {isa = PBXBuildFile; fileRef = 1810278C29CF03E900C345EC /* Preview Assets.xcassets */; };
		1810279729CF03E900C345EC /* ScrumdingerTests.swift in Sources */ = {isa = PBXBuildFile; fileRef = 1810279629CF03E900C345EC /* ScrumdingerTests.swift */; };
		181027A129CF03E900C345EC /* ScrumdingerUITests.swift in Sources */ = {isa = PBXBuildFile; fileRef = 181027A029CF03E900C345EC /* ScrumdingerUITests.swift */; };
		181027A329CF03E900C345EC /* ScrumdingerUITestsLaunchTests.swift in Sources */ = {isa = PBXBuildFile; fileRef = 181027A229CF03E900C345EC /* ScrumdingerUITestsLaunchTests.swift */; };
		181C849729F0153100CFC278 /* CardView.swift in Sources */ = {isa = PBXBuildFile; fileRef = 181C849629F0153100CFC278 /* CardView.swift */; };
		184FE4F029F3D60C006DE6B8 /* ScrumView.swift in Sources */ = {isa = PBXBuildFile; fileRef = 184FE4EF29F3D60C006DE6B8 /* ScrumView.swift */; };
		184FE4F229F42731006DE6B8 /* TrailingIconLabelStyle.swift in Sources */ = {isa = PBXBuildFile; fileRef = 184FE4F129F42731006DE6B8 /* TrailingIconLabelStyle.swift */; };
		185261F92A463F9F00236BBD /* DetailView.swift in Sources */ = {isa = PBXBuildFile; fileRef = 185261F82A463F9F00236BBD /* DetailView.swift */; };
		185D227B29ED5BB900340FC8 /* Theme.swift in Sources */ = {isa = PBXBuildFile; fileRef = 185D227A29ED5BB900340FC8 /* Theme.swift */; };
		185D227D29ED5CB400340FC8 /* DailyScrum.swift in Sources */ = {isa = PBXBuildFile; fileRef = 185D227C29ED5CB400340FC8 /* DailyScrum.swift */; };
		18691E0B2A6AD7B7005D9FCA /* ThemeView.swift in Sources */ = {isa = PBXBuildFile; fileRef = 18691E0A2A6AD7B7005D9FCA /* ThemeView.swift */; };
		18691E0D2A6AEB7C005D9FCA /* ThemePicker.swift in Sources */ = {isa = PBXBuildFile; fileRef = 18691E0C2A6AEB7C005D9FCA /* ThemePicker.swift */; };
		18691E0F2A6AED64005D9FCA /* ScrumsView.swift in Sources */ = {isa = PBXBuildFile; fileRef = 18691E0E2A6AED64005D9FCA /* ScrumsView.swift */; };
		189484612A59776E004DD517 /* DetailEditView.swift in Sources */ = {isa = PBXBuildFile; fileRef = 189484602A59776E004DD517 /* DetailEditView.swift */; };
/* End PBXBuildFile section */

/* Begin PBXContainerItemProxy section */
		1810279329CF03E900C345EC /* PBXContainerItemProxy */ = {
			isa = PBXContainerItemProxy;
			containerPortal = 1810277A29CF03E700C345EC /* Project object */;
			proxyType = 1;
			remoteGlobalIDString = 1810278129CF03E700C345EC;
			remoteInfo = Scrumdinger;
		};
		1810279D29CF03E900C345EC /* PBXContainerItemProxy */ = {
			isa = PBXContainerItemProxy;
			containerPortal = 1810277A29CF03E700C345EC /* Project object */;
			proxyType = 1;
			remoteGlobalIDString = 1810278129CF03E700C345EC;
			remoteInfo = Scrumdinger;
		};
/* End PBXContainerItemProxy section */

/* Begin PBXFileReference section */
		1810278229CF03E700C345EC /* Scrumdinger.app */ = {isa = PBXFileReference; explicitFileType = wrapper.application; includeInIndex = 0; path = Scrumdinger.app; sourceTree = BUILT_PRODUCTS_DIR; };
		1810278529CF03E700C345EC /* ScrumdingerApp.swift */ = {isa = PBXFileReference; lastKnownFileType = sourcecode.swift; path = ScrumdingerApp.swift; sourceTree = "<group>"; };
		1810278729CF03E700C345EC /* MeetingView.swift */ = {isa = PBXFileReference; lastKnownFileType = sourcecode.swift; path = MeetingView.swift; sourceTree = "<group>"; };
		1810278929CF03E900C345EC /* Assets.xcassets */ = {isa = PBXFileReference; lastKnownFileType = folder.assetcatalog; path = Assets.xcassets; sourceTree = "<group>"; };
		1810278C29CF03E900C345EC /* Preview Assets.xcassets */ = {isa = PBXFileReference; lastKnownFileType = folder.assetcatalog; path = "Preview Assets.xcassets"; sourceTree = "<group>"; };
		1810279229CF03E900C345EC /* ScrumdingerTests.xctest */ = {isa = PBXFileReference; explicitFileType = wrapper.cfbundle; includeInIndex = 0; path = ScrumdingerTests.xctest; sourceTree = BUILT_PRODUCTS_DIR; };
		1810279629CF03E900C345EC /* ScrumdingerTests.swift */ = {isa = PBXFileReference; lastKnownFileType = sourcecode.swift; path = ScrumdingerTests.swift; sourceTree = "<group>"; };
		1810279C29CF03E900C345EC /* ScrumdingerUITests.xctest */ = {isa = PBXFileReference; explicitFileType = wrapper.cfbundle; includeInIndex = 0; path = ScrumdingerUITests.xctest; sourceTree = BUILT_PRODUCTS_DIR; };
		181027A029CF03E900C345EC /* ScrumdingerUITests.swift */ = {isa = PBXFileReference; lastKnownFileType = sourcecode.swift; path = ScrumdingerUITests.swift; sourceTree = "<group>"; };
		181027A229CF03E900C345EC /* ScrumdingerUITestsLaunchTests.swift */ = {isa = PBXFileReference; lastKnownFileType = sourcecode.swift; path = ScrumdingerUITestsLaunchTests.swift; sourceTree = "<group>"; };
		181C849629F0153100CFC278 /* CardView.swift */ = {isa = PBXFileReference; lastKnownFileType = sourcecode.swift; path = CardView.swift; sourceTree = "<group>"; };
		184FE4EF29F3D60C006DE6B8 /* ScrumView.swift */ = {isa = PBXFileReference; lastKnownFileType = sourcecode.swift; path = ScrumView.swift; sourceTree = "<group>"; };
		184FE4F129F42731006DE6B8 /* TrailingIconLabelStyle.swift */ = {isa = PBXFileReference; lastKnownFileType = sourcecode.swift; path = TrailingIconLabelStyle.swift; sourceTree = "<group>"; };
		185261F82A463F9F00236BBD /* DetailView.swift */ = {isa = PBXFileReference; lastKnownFileType = sourcecode.swift; path = DetailView.swift; sourceTree = "<group>"; };
		185D227A29ED5BB900340FC8 /* Theme.swift */ = {isa = PBXFileReference; lastKnownFileType = sourcecode.swift; path = Theme.swift; sourceTree = "<group>"; };
		185D227C29ED5CB400340FC8 /* DailyScrum.swift */ = {isa = PBXFileReference; lastKnownFileType = sourcecode.swift; path = DailyScrum.swift; sourceTree = "<group>"; };
		18691E0A2A6AD7B7005D9FCA /* ThemeView.swift */ = {isa = PBXFileReference; lastKnownFileType = sourcecode.swift; path = ThemeView.swift; sourceTree = "<group>"; };
		18691E0C2A6AEB7C005D9FCA /* ThemePicker.swift */ = {isa = PBXFileReference; lastKnownFileType = sourcecode.swift; path = ThemePicker.swift; sourceTree = "<group>"; };
		18691E0E2A6AED64005D9FCA /* ScrumsView.swift */ = {isa = PBXFileReference; lastKnownFileType = sourcecode.swift; path = ScrumsView.swift; sourceTree = "<group>"; };
		189484602A59776E004DD517 /* DetailEditView.swift */ = {isa = PBXFileReference; lastKnownFileType = sourcecode.swift; path = DetailEditView.swift; sourceTree = "<group>"; };
/* End PBXFileReference section */

/* Begin PBXFrameworksBuildPhase section */
		1810277F29CF03E700C345EC /* Frameworks */ = {
			isa = PBXFrameworksBuildPhase;
			buildActionMask = 2147483647;
			files = (
			);
			runOnlyForDeploymentPostprocessing = 0;
		};
		1810278F29CF03E900C345EC /* Frameworks */ = {
			isa = PBXFrameworksBuildPhase;
			buildActionMask = 2147483647;
			files = (
			);
			runOnlyForDeploymentPostprocessing = 0;
		};
		1810279929CF03E900C345EC /* Frameworks */ = {
			isa = PBXFrameworksBuildPhase;
			buildActionMask = 2147483647;
			files = (
			);
			runOnlyForDeploymentPostprocessing = 0;
		};
/* End PBXFrameworksBuildPhase section */

/* Begin PBXGroup section */
		1810277929CF03E700C345EC = {
			isa = PBXGroup;
			children = (
				1810278429CF03E700C345EC /* Scrumdinger */,
				1810279529CF03E900C345EC /* ScrumdingerTests */,
				1810279F29CF03E900C345EC /* ScrumdingerUITests */,
				1810278329CF03E700C345EC /* Products */,
			);
			sourceTree = "<group>";
		};
		1810278329CF03E700C345EC /* Products */ = {
			isa = PBXGroup;
			children = (
				1810278229CF03E700C345EC /* Scrumdinger.app */,
				1810279229CF03E900C345EC /* ScrumdingerTests.xctest */,
				1810279C29CF03E900C345EC /* ScrumdingerUITests.xctest */,
			);
			name = Products;
			sourceTree = "<group>";
		};
		1810278429CF03E700C345EC /* Scrumdinger */ = {
			isa = PBXGroup;
			children = (
				181C849829F0153900CFC278 /* ui */,
				185D227E29ED5D2000340FC8 /* Models */,
				1810278529CF03E700C345EC /* ScrumdingerApp.swift */,
				1810278929CF03E900C345EC /* Assets.xcassets */,
				1810278B29CF03E900C345EC /* Preview Content */,
			);
			path = Scrumdinger;
			sourceTree = "<group>";
		};
		1810278B29CF03E900C345EC /* Preview Content */ = {
			isa = PBXGroup;
			children = (
				1810278C29CF03E900C345EC /* Preview Assets.xcassets */,
			);
			path = "Preview Content";
			sourceTree = "<group>";
		};
		1810279529CF03E900C345EC /* ScrumdingerTests */ = {
			isa = PBXGroup;
			children = (
				1810279629CF03E900C345EC /* ScrumdingerTests.swift */,
			);
			path = ScrumdingerTests;
			sourceTree = "<group>";
		};
		1810279F29CF03E900C345EC /* ScrumdingerUITests */ = {
			isa = PBXGroup;
			children = (
				181027A029CF03E900C345EC /* ScrumdingerUITests.swift */,
				181027A229CF03E900C345EC /* ScrumdingerUITestsLaunchTests.swift */,
			);
			path = ScrumdingerUITests;
			sourceTree = "<group>";
		};
		181C849829F0153900CFC278 /* ui */ = {
			isa = PBXGroup;
			children = (
				185D227A29ED5BB900340FC8 /* Theme.swift */,
				181C849629F0153100CFC278 /* CardView.swift */,
				1810278729CF03E700C345EC /* MeetingView.swift */,
				184FE4EF29F3D60C006DE6B8 /* ScrumView.swift */,
				184FE4F129F42731006DE6B8 /* TrailingIconLabelStyle.swift */,
				185261F82A463F9F00236BBD /* DetailView.swift */,
				189484602A59776E004DD517 /* DetailEditView.swift */,
				18691E0A2A6AD7B7005D9FCA /* ThemeView.swift */,
				18691E0C2A6AEB7C005D9FCA /* ThemePicker.swift */,
				18691E0E2A6AED64005D9FCA /* ScrumsView.swift */,
			);
			path = ui;
			sourceTree = "<group>";
		};
		185D227E29ED5D2000340FC8 /* Models */ = {
			isa = PBXGroup;
			children = (
				185D227C29ED5CB400340FC8 /* DailyScrum.swift */,
			);
			path = Models;
			sourceTree = "<group>";
		};
/* End PBXGroup section */

/* Begin PBXNativeTarget section */
		1810278129CF03E700C345EC /* Scrumdinger */ = {
			isa = PBXNativeTarget;
			buildConfigurationList = 181027A629CF03E900C345EC /* Build configuration list for PBXNativeTarget "Scrumdinger" */;
			buildPhases = (
				1810277E29CF03E700C345EC /* Sources */,
				1810277F29CF03E700C345EC /* Frameworks */,
				1810278029CF03E700C345EC /* Resources */,
			);
			buildRules = (
			);
			dependencies = (
			);
			name = Scrumdinger;
			productName = Scrumdinger;
			productReference = 1810278229CF03E700C345EC /* Scrumdinger.app */;
			productType = "com.apple.product-type.application";
		};
		1810279129CF03E900C345EC /* ScrumdingerTests */ = {
			isa = PBXNativeTarget;
			buildConfigurationList = 181027A929CF03E900C345EC /* Build configuration list for PBXNativeTarget "ScrumdingerTests" */;
			buildPhases = (
				1810278E29CF03E900C345EC /* Sources */,
				1810278F29CF03E900C345EC /* Frameworks */,
				1810279029CF03E900C345EC /* Resources */,
			);
			buildRules = (
			);
			dependencies = (
				1810279429CF03E900C345EC /* PBXTargetDependency */,
			);
			name = ScrumdingerTests;
			productName = ScrumdingerTests;
			productReference = 1810279229CF03E900C345EC /* ScrumdingerTests.xctest */;
			productType = "com.apple.product-type.bundle.unit-test";
		};
		1810279B29CF03E900C345EC /* ScrumdingerUITests */ = {
			isa = PBXNativeTarget;
			buildConfigurationList = 181027AC29CF03E900C345EC /* Build configuration list for PBXNativeTarget "ScrumdingerUITests" */;
			buildPhases = (
				1810279829CF03E900C345EC /* Sources */,
				1810279929CF03E900C345EC /* Frameworks */,
				1810279A29CF03E900C345EC /* Resources */,
			);
			buildRules = (
			);
			dependencies = (
				1810279E29CF03E900C345EC /* PBXTargetDependency */,
			);
			name = ScrumdingerUITests;
			productName = ScrumdingerUITests;
			productReference = 1810279C29CF03E900C345EC /* ScrumdingerUITests.xctest */;
			productType = "com.apple.product-type.bundle.ui-testing";
		};
/* End PBXNativeTarget section */

/* Begin PBXProject section */
		1810277A29CF03E700C345EC /* Project object */ = {
			isa = PBXProject;
			attributes = {
				BuildIndependentTargetsInParallel = 1;
				LastSwiftUpdateCheck = 1420;
				LastUpgradeCheck = 1420;
				TargetAttributes = {
					1810278129CF03E700C345EC = {
						CreatedOnToolsVersion = 14.2;
					};
					1810279129CF03E900C345EC = {
						CreatedOnToolsVersion = 14.2;
						TestTargetID = 1810278129CF03E700C345EC;
					};
					1810279B29CF03E900C345EC = {
						CreatedOnToolsVersion = 14.2;
						TestTargetID = 1810278129CF03E700C345EC;
					};
				};
			};
			buildConfigurationList = 1810277D29CF03E700C345EC /* Build configuration list for PBXProject "Scrumdinger" */;
			compatibilityVersion = "Xcode 14.0";
			developmentRegion = en;
			hasScannedForEncodings = 0;
			knownRegions = (
				en,
				Base,
			);
			mainGroup = 1810277929CF03E700C345EC;
			productRefGroup = 1810278329CF03E700C345EC /* Products */;
			projectDirPath = "";
			projectRoot = "";
			targets = (
				1810278129CF03E700C345EC /* Scrumdinger */,
				1810279129CF03E900C345EC /* ScrumdingerTests */,
				1810279B29CF03E900C345EC /* ScrumdingerUITests */,
			);
		};
/* End PBXProject section */

/* Begin PBXResourcesBuildPhase section */
		1810278029CF03E700C345EC /* Resources */ = {
			isa = PBXResourcesBuildPhase;
			buildActionMask = 2147483647;
			files = (
				1810278D29CF03E900C345EC /* Preview Assets.xcassets in Resources */,
				1810278A29CF03E900C345EC /* Assets.xcassets in Resources */,
			);
			runOnlyForDeploymentPostprocessing = 0;
		};
		1810279029CF03E900C345EC /* Resources */ = {
			isa = PBXResourcesBuildPhase;
			buildActionMask = 2147483647;
			files = (
			);
			runOnlyForDeploymentPostprocessing = 0;
		};
		1810279A29CF03E900C345EC /* Resources */ = {
			isa = PBXResourcesBuildPhase;
			buildActionMask = 2147483647;
			files = (
			);
			runOnlyForDeploymentPostprocessing = 0;
		};
/* End PBXResourcesBuildPhase section */

/* Begin PBXSourcesBuildPhase section */
		1810277E29CF03E700C345EC /* Sources */ = {
			isa = PBXSourcesBuildPhase;
			buildActionMask = 2147483647;
			files = (
				18691E0D2A6AEB7C005D9FCA /* ThemePicker.swift in Sources */,
				185D227D29ED5CB400340FC8 /* DailyScrum.swift in Sources */,
				185261F92A463F9F00236BBD /* DetailView.swift in Sources */,
				189484612A59776E004DD517 /* DetailEditView.swift in Sources */,
				185D227B29ED5BB900340FC8 /* Theme.swift in Sources */,
				1810278829CF03E700C345EC /* MeetingView.swift in Sources */,
				184FE4F029F3D60C006DE6B8 /* ScrumView.swift in Sources */,
				18691E0F2A6AED64005D9FCA /* ScrumsView.swift in Sources */,
				1810278629CF03E700C345EC /* ScrumdingerApp.swift in Sources */,
				181C849729F0153100CFC278 /* CardView.swift in Sources */,
				18691E0B2A6AD7B7005D9FCA /* ThemeView.swift in Sources */,
				184FE4F229F42731006DE6B8 /* TrailingIconLabelStyle.swift in Sources */,
			);
			runOnlyForDeploymentPostprocessing = 0;
		};
		1810278E29CF03E900C345EC /* Sources */ = {
			isa = PBXSourcesBuildPhase;
			buildActionMask = 2147483647;
			files = (
				1810279729CF03E900C345EC /* ScrumdingerTests.swift in Sources */,
			);
			runOnlyForDeploymentPostprocessing = 0;
		};
		1810279829CF03E900C345EC /* Sources */ = {
			isa = PBXSourcesBuildPhase;
			buildActionMask = 2147483647;
			files = (
				181027A329CF03E900C345EC /* ScrumdingerUITestsLaunchTests.swift in Sources */,
				181027A129CF03E900C345EC /* ScrumdingerUITests.swift in Sources */,
			);
			runOnlyForDeploymentPostprocessing = 0;
		};
/* End PBXSourcesBuildPhase section */

/* Begin PBXTargetDependency section */
		1810279429CF03E900C345EC /* PBXTargetDependency */ = {
			isa = PBXTargetDependency;
			target = 1810278129CF03E700C345EC /* Scrumdinger */;
			targetProxy = 1810279329CF03E900C345EC /* PBXContainerItemProxy */;
		};
		1810279E29CF03E900C345EC /* PBXTargetDependency */ = {
			isa = PBXTargetDependency;
			target = 1810278129CF03E700C345EC /* Scrumdinger */;
			targetProxy = 1810279D29CF03E900C345EC /* PBXContainerItemProxy */;
		};
/* End PBXTargetDependency section */

/* Begin XCBuildConfiguration section */
		181027A429CF03E900C345EC /* Debug */ = {
			isa = XCBuildConfiguration;
			buildSettings = {
				ALWAYS_SEARCH_USER_PATHS = NO;
				CLANG_ANALYZER_NONNULL = YES;
				CLANG_ANALYZER_NUMBER_OBJECT_CONVERSION = YES_AGGRESSIVE;
				CLANG_CXX_LANGUAGE_STANDARD = "gnu++20";
				CLANG_ENABLE_MODULES = YES;
				CLANG_ENABLE_OBJC_ARC = YES;
				CLANG_ENABLE_OBJC_WEAK = YES;
				CLANG_WARN_BLOCK_CAPTURE_AUTORELEASING = YES;
				CLANG_WARN_BOOL_CONVERSION = YES;
				CLANG_WARN_COMMA = YES;
				CLANG_WARN_CONSTANT_CONVERSION = YES;
				CLANG_WARN_DEPRECATED_OBJC_IMPLEMENTATIONS = YES;
				CLANG_WARN_DIRECT_OBJC_ISA_USAGE = YES_ERROR;
				CLANG_WARN_DOCUMENTATION_COMMENTS = YES;
				CLANG_WARN_EMPTY_BODY = YES;
				CLANG_WARN_ENUM_CONVERSION = YES;
				CLANG_WARN_INFINITE_RECURSION = YES;
				CLANG_WARN_INT_CONVERSION = YES;
				CLANG_WARN_NON_LITERAL_NULL_CONVERSION = YES;
				CLANG_WARN_OBJC_IMPLICIT_RETAIN_SELF = YES;
				CLANG_WARN_OBJC_LITERAL_CONVERSION = YES;
				CLANG_WARN_OBJC_ROOT_CLASS = YES_ERROR;
				CLANG_WARN_QUOTED_INCLUDE_IN_FRAMEWORK_HEADER = YES;
				CLANG_WARN_RANGE_LOOP_ANALYSIS = YES;
				CLANG_WARN_STRICT_PROTOTYPES = YES;
				CLANG_WARN_SUSPICIOUS_MOVE = YES;
				CLANG_WARN_UNGUARDED_AVAILABILITY = YES_AGGRESSIVE;
				CLANG_WARN_UNREACHABLE_CODE = YES;
				CLANG_WARN__DUPLICATE_METHOD_MATCH = YES;
				COPY_PHASE_STRIP = NO;
				DEBUG_INFORMATION_FORMAT = dwarf;
				ENABLE_STRICT_OBJC_MSGSEND = YES;
				ENABLE_TESTABILITY = YES;
				GCC_C_LANGUAGE_STANDARD = gnu11;
				GCC_DYNAMIC_NO_PIC = NO;
				GCC_NO_COMMON_BLOCKS = YES;
				GCC_OPTIMIZATION_LEVEL = 0;
				GCC_PREPROCESSOR_DEFINITIONS = (
					"DEBUG=1",
					"$(inherited)",
				);
				GCC_WARN_64_TO_32_BIT_CONVERSION = YES;
				GCC_WARN_ABOUT_RETURN_TYPE = YES_ERROR;
				GCC_WARN_UNDECLARED_SELECTOR = YES;
				GCC_WARN_UNINITIALIZED_AUTOS = YES_AGGRESSIVE;
				GCC_WARN_UNUSED_FUNCTION = YES;
				GCC_WARN_UNUSED_VARIABLE = YES;
				IPHONEOS_DEPLOYMENT_TARGET = 16.2;
				MTL_ENABLE_DEBUG_INFO = INCLUDE_SOURCE;
				MTL_FAST_MATH = YES;
				ONLY_ACTIVE_ARCH = YES;
				SDKROOT = iphoneos;
				SWIFT_ACTIVE_COMPILATION_CONDITIONS = DEBUG;
				SWIFT_OPTIMIZATION_LEVEL = "-Onone";
			};
			name = Debug;
		};
		181027A529CF03E900C345EC /* Release */ = {
			isa = XCBuildConfiguration;
			buildSettings = {
				ALWAYS_SEARCH_USER_PATHS = NO;
				CLANG_ANALYZER_NONNULL = YES;
				CLANG_ANALYZER_NUMBER_OBJECT_CONVERSION = YES_AGGRESSIVE;
				CLANG_CXX_LANGUAGE_STANDARD = "gnu++20";
				CLANG_ENABLE_MODULES = YES;
				CLANG_ENABLE_OBJC_ARC = YES;
				CLANG_ENABLE_OBJC_WEAK = YES;
				CLANG_WARN_BLOCK_CAPTURE_AUTORELEASING = YES;
				CLANG_WARN_BOOL_CONVERSION = YES;
				CLANG_WARN_COMMA = YES;
				CLANG_WARN_CONSTANT_CONVERSION = YES;
				CLANG_WARN_DEPRECATED_OBJC_IMPLEMENTATIONS = YES;
				CLANG_WARN_DIRECT_OBJC_ISA_USAGE = YES_ERROR;
				CLANG_WARN_DOCUMENTATION_COMMENTS = YES;
				CLANG_WARN_EMPTY_BODY = YES;
				CLANG_WARN_ENUM_CONVERSION = YES;
				CLANG_WARN_INFINITE_RECURSION = YES;
				CLANG_WARN_INT_CONVERSION = YES;
				CLANG_WARN_NON_LITERAL_NULL_CONVERSION = YES;
				CLANG_WARN_OBJC_IMPLICIT_RETAIN_SELF = YES;
				CLANG_WARN_OBJC_LITERAL_CONVERSION = YES;
				CLANG_WARN_OBJC_ROOT_CLASS = YES_ERROR;
				CLANG_WARN_QUOTED_INCLUDE_IN_FRAMEWORK_HEADER = YES;
				CLANG_WARN_RANGE_LOOP_ANALYSIS = YES;
				CLANG_WARN_STRICT_PROTOTYPES = YES;
				CLANG_WARN_SUSPICIOUS_MOVE = YES;
				CLANG_WARN_UNGUARDED_AVAILABILITY = YES_AGGRESSIVE;
				CLANG_WARN_UNREACHABLE_CODE = YES;
				CLANG_WARN__DUPLICATE_METHOD_MATCH = YES;
				COPY_PHASE_STRIP = NO;
				DEBUG_INFORMATION_FORMAT = "dwarf-with-dsym";
				ENABLE_NS_ASSERTIONS = NO;
				ENABLE_STRICT_OBJC_MSGSEND = YES;
				GCC_C_LANGUAGE_STANDARD = gnu11;
				GCC_NO_COMMON_BLOCKS = YES;
				GCC_WARN_64_TO_32_BIT_CONVERSION = YES;
				GCC_WARN_ABOUT_RETURN_TYPE = YES_ERROR;
				GCC_WARN_UNDECLARED_SELECTOR = YES;
				GCC_WARN_UNINITIALIZED_AUTOS = YES_AGGRESSIVE;
				GCC_WARN_UNUSED_FUNCTION = YES;
				GCC_WARN_UNUSED_VARIABLE = YES;
				IPHONEOS_DEPLOYMENT_TARGET = 16.2;
				MTL_ENABLE_DEBUG_INFO = NO;
				MTL_FAST_MATH = YES;
				SDKROOT = iphoneos;
				SWIFT_COMPILATION_MODE = wholemodule;
				SWIFT_OPTIMIZATION_LEVEL = "-O";
				VALIDATE_PRODUCT = YES;
			};
			name = Release;
		};
		181027A729CF03E900C345EC /* Debug */ = {
			isa = XCBuildConfiguration;
			buildSettings = {
				ASSETCATALOG_COMPILER_APPICON_NAME = AppIcon;
				ASSETCATALOG_COMPILER_GLOBAL_ACCENT_COLOR_NAME = AccentColor;
				CODE_SIGN_STYLE = Automatic;
				CURRENT_PROJECT_VERSION = 1;
				DEVELOPMENT_ASSET_PATHS = "\"Scrumdinger/Preview Content\"";
				ENABLE_PREVIEWS = YES;
				GENERATE_INFOPLIST_FILE = YES;
				INFOPLIST_KEY_UIApplicationSceneManifest_Generation = YES;
				INFOPLIST_KEY_UIApplicationSupportsIndirectInputEvents = YES;
				INFOPLIST_KEY_UILaunchScreen_Generation = YES;
				INFOPLIST_KEY_UISupportedInterfaceOrientations_iPad = "UIInterfaceOrientationPortrait UIInterfaceOrientationPortraitUpsideDown UIInterfaceOrientationLandscapeLeft UIInterfaceOrientationLandscapeRight";
				INFOPLIST_KEY_UISupportedInterfaceOrientations_iPhone = "UIInterfaceOrientationPortrait UIInterfaceOrientationLandscapeLeft UIInterfaceOrientationLandscapeRight";
				LD_RUNPATH_SEARCH_PATHS = (
					"$(inherited)",
					"@executable_path/Frameworks",
				);
				MARKETING_VERSION = 1.0;
				PRODUCT_BUNDLE_IDENTIFIER = com.apple.alpstein.Scrumdinger;
				PRODUCT_NAME = "$(TARGET_NAME)";
				SWIFT_EMIT_LOC_STRINGS = YES;
				SWIFT_VERSION = 5.0;
				TARGETED_DEVICE_FAMILY = "1,2";
			};
			name = Debug;
		};
		181027A829CF03E900C345EC /* Release */ = {
			isa = XCBuildConfiguration;
			buildSettings = {
				ASSETCATALOG_COMPILER_APPICON_NAME = AppIcon;
				ASSETCATALOG_COMPILER_GLOBAL_ACCENT_COLOR_NAME = AccentColor;
				CODE_SIGN_STYLE = Automatic;
				CURRENT_PROJECT_VERSION = 1;
				DEVELOPMENT_ASSET_PATHS = "\"Scrumdinger/Preview Content\"";
				ENABLE_PREVIEWS = YES;
				GENERATE_INFOPLIST_FILE = YES;
				INFOPLIST_KEY_UIApplicationSceneManifest_Generation = YES;
				INFOPLIST_KEY_UIApplicationSupportsIndirectInputEvents = YES;
				INFOPLIST_KEY_UILaunchScreen_Generation = YES;
				INFOPLIST_KEY_UISupportedInterfaceOrientations_iPad = "UIInterfaceOrientationPortrait UIInterfaceOrientationPortraitUpsideDown UIInterfaceOrientationLandscapeLeft UIInterfaceOrientationLandscapeRight";
				INFOPLIST_KEY_UISupportedInterfaceOrientations_iPhone = "UIInterfaceOrientationPortrait UIInterfaceOrientationLandscapeLeft UIInterfaceOrientationLandscapeRight";
				LD_RUNPATH_SEARCH_PATHS = (
					"$(inherited)",
					"@executable_path/Frameworks",
				);
				MARKETING_VERSION = 1.0;
				PRODUCT_BUNDLE_IDENTIFIER = com.apple.alpstein.Scrumdinger;
				PRODUCT_NAME = "$(TARGET_NAME)";
				SWIFT_EMIT_LOC_STRINGS = YES;
				SWIFT_VERSION = 5.0;
				TARGETED_DEVICE_FAMILY = "1,2";
			};
			name = Release;
		};
		181027AA29CF03E900C345EC /* Debug */ = {
			isa = XCBuildConfiguration;
			buildSettings = {
				ALWAYS_EMBED_SWIFT_STANDARD_LIBRARIES = YES;
				BUNDLE_LOADER = "$(TEST_HOST)";
				CODE_SIGN_STYLE = Automatic;
				CURRENT_PROJECT_VERSION = 1;
				GENERATE_INFOPLIST_FILE = YES;
				IPHONEOS_DEPLOYMENT_TARGET = 16.2;
				MARKETING_VERSION = 1.0;
				PRODUCT_BUNDLE_IDENTIFIER = com.apple.alpstein.ScrumdingerTests;
				PRODUCT_NAME = "$(TARGET_NAME)";
				SWIFT_EMIT_LOC_STRINGS = NO;
				SWIFT_VERSION = 5.0;
				TARGETED_DEVICE_FAMILY = "1,2";
				TEST_HOST = "$(BUILT_PRODUCTS_DIR)/Scrumdinger.app/$(BUNDLE_EXECUTABLE_FOLDER_PATH)/Scrumdinger";
			};
			name = Debug;
		};
		181027AB29CF03E900C345EC /* Release */ = {
			isa = XCBuildConfiguration;
			buildSettings = {
				ALWAYS_EMBED_SWIFT_STANDARD_LIBRARIES = YES;
				BUNDLE_LOADER = "$(TEST_HOST)";
				CODE_SIGN_STYLE = Automatic;
				CURRENT_PROJECT_VERSION = 1;
				GENERATE_INFOPLIST_FILE = YES;
				IPHONEOS_DEPLOYMENT_TARGET = 16.2;
				MARKETING_VERSION = 1.0;
				PRODUCT_BUNDLE_IDENTIFIER = com.apple.alpstein.ScrumdingerTests;
				PRODUCT_NAME = "$(TARGET_NAME)";
				SWIFT_EMIT_LOC_STRINGS = NO;
				SWIFT_VERSION = 5.0;
				TARGETED_DEVICE_FAMILY = "1,2";
				TEST_HOST = "$(BUILT_PRODUCTS_DIR)/Scrumdinger.app/$(BUNDLE_EXECUTABLE_FOLDER_PATH)/Scrumdinger";
			};
			name = Release;
		};
		181027AD29CF03E900C345EC /* Debug */ = {
			isa = XCBuildConfiguration;
			buildSettings = {
				ALWAYS_EMBED_SWIFT_STANDARD_LIBRARIES = YES;
				CODE_SIGN_STYLE = Automatic;
				CURRENT_PROJECT_VERSION = 1;
				GENERATE_INFOPLIST_FILE = YES;
				MARKETING_VERSION = 1.0;
				PRODUCT_BUNDLE_IDENTIFIER = com.apple.alpstein.ScrumdingerUITests;
				PRODUCT_NAME = "$(TARGET_NAME)";
				SWIFT_EMIT_LOC_STRINGS = NO;
				SWIFT_VERSION = 5.0;
				TARGETED_DEVICE_FAMILY = "1,2";
				TEST_TARGET_NAME = Scrumdinger;
			};
			name = Debug;
		};
		181027AE29CF03E900C345EC /* Release */ = {
			isa = XCBuildConfiguration;
			buildSettings = {
				ALWAYS_EMBED_SWIFT_STANDARD_LIBRARIES = YES;
				CODE_SIGN_STYLE = Automatic;
				CURRENT_PROJECT_VERSION = 1;
				GENERATE_INFOPLIST_FILE = YES;
				MARKETING_VERSION = 1.0;
				PRODUCT_BUNDLE_IDENTIFIER = com.apple.alpstein.ScrumdingerUITests;
				PRODUCT_NAME = "$(TARGET_NAME)";
				SWIFT_EMIT_LOC_STRINGS = NO;
				SWIFT_VERSION = 5.0;
				TARGETED_DEVICE_FAMILY = "1,2";
				TEST_TARGET_NAME = Scrumdinger;
			};
			name = Release;
		};
/* End XCBuildConfiguration section */

/* Begin XCConfigurationList section */
		1810277D29CF03E700C345EC /* Build configuration list for PBXProject "Scrumdinger" */ = {
			isa = XCConfigurationList;
			buildConfigurations = (
				181027A429CF03E900C345EC /* Debug */,
				181027A529CF03E900C345EC /* Release */,
			);
			defaultConfigurationIsVisible = 0;
			defaultConfigurationName = Release;
		};
		181027A629CF03E900C345EC /* Build configuration list for PBXNativeTarget "Scrumdinger" */ = {
			isa = XCConfigurationList;
			buildConfigurations = (
				181027A729CF03E900C345EC /* Debug */,
				181027A829CF03E900C345EC /* Release */,
			);
			defaultConfigurationIsVisible = 0;
			defaultConfigurationName = Release;
		};
		181027A929CF03E900C345EC /* Build configuration list for PBXNativeTarget "ScrumdingerTests" */ = {
			isa = XCConfigurationList;
			buildConfigurations = (
				181027AA29CF03E900C345EC /* Debug */,
				181027AB29CF03E900C345EC /* Release */,
			);
			defaultConfigurationIsVisible = 0;
			defaultConfigurationName = Release;
		};
		181027AC29CF03E900C345EC /* Build configuration list for PBXNativeTarget "ScrumdingerUITests" */ = {
			isa = XCConfigurationList;
			buildConfigurations = (
				181027AD29CF03E900C345EC /* Debug */,
				181027AE29CF03E900C345EC /* Release */,
			);
			defaultConfigurationIsVisible = 0;
			defaultConfigurationName = Release;
		};
/* End XCConfigurationList section */
	};
	rootObject = 1810277A29CF03E700C345EC /* Project object */;
}
